
Microsoft Visual Studio Solution File, Format Version 12.00
# Visual Studio 15
VisualStudioVersion = 15.0.28307.168
MinimumVisualStudioVersion = 10.0.40219.1
Project("{FAE04EC0-301F-11D3-BF4B-00C04F79EFBC}") = "MarketInvoice", "MarketInvoice\MarketInvoice.csproj", "{B1A4AE6E-B5DB-4252-A9CB-AC1587D173E1}"
EndProject
Project("{FAE04EC0-301F-11D3-BF4B-00C04F79EFBC}") = "BusinessLogic", "BusinessLogic\BusinessLogic.csproj", "{BCCDCCCE-370E-4D48-B900-B4E7CB805C6F}"
EndProject
Project("{FAE04EC0-301F-11D3-BF4B-00C04F79EFBC}") = "MarketInvoiceTest.Cmd", "MarketInvoiceTest.Cmd\MarketInvoiceTest.Cmd.csproj", "{300C5C6D-6052-40C8-8BCD-10CBBF11FCAE}"
EndProject
Global
	GlobalSection(SolutionConfigurationPlatforms) = preSolution
		Debug|Any CPU = Debug|Any CPU
		Release|Any CPU = Release|Any CPU
	EndGlobalSection
	GlobalSection(ProjectConfigurationPlatforms) = postSolution
		{B1A4AE6E-B5DB-4252-A9CB-AC1587D173E1}.Debug|Any CPU.ActiveCfg = Debug|Any CPU
		{B1A4AE6E-B5DB-4252-A9CB-AC1587D173E1}.Debug|Any CPU.Build.0 = Debug|Any CPU
		{B1A4AE6E-B5DB-4252-A9CB-AC1587D173E1}.Release|Any CPU.ActiveCfg = Release|Any CPU
		{B1A4AE6E-B5DB-4252-A9CB-AC1587D173E1}.Release|Any CPU.Build.0 = Release|Any CPU
		{BCCDCCCE-370E-4D48-B900-B4E7CB805C6F}.Debug|Any CPU.ActiveCfg = Debug|Any CPU
		{BCCDCCCE-370E-4D48-B900-B4E7CB805C6F}.Debug|Any CPU.Build.0 = Debug|Any CPU
		{BCCDCCCE-370E-4D48-B900-B4E7CB805C6F}.Release|Any CPU.ActiveCfg = Release|Any CPU
		{BCCDCCCE-370E-4D48-B900-B4E7CB805C6F}.Release|Any CPU.Build.0 = Release|Any CPU
		{300C5C6D-6052-40C8-8BCD-10CBBF11FCAE}.Debug|Any CPU.ActiveCfg = Debug|Any CPU
		{300C5C6D-6052-40C8-8BCD-10CBBF11FCAE}.Debug|Any CPU.Build.0 = Debug|Any CPU
		{300C5C6D-6052-40C8-8BCD-10CBBF11FCAE}.Release|Any CPU.ActiveCfg = Release|Any CPU
		{300C5C6D-6052-40C8-8BCD-10CBBF11FCAE}.Release|Any CPU.Build.0 = Release|Any CPU
	EndGlobalSection
	GlobalSection(SolutionProperties) = preSolution
		HideSolutionNode = FALSE
	EndGlobalSection
	GlobalSection(ExtensibilityGlobals) = postSolution
		SolutionGuid = {B22323E9-C2AA-409B-9156-F64A74F6C262}
	EndGlobalSection
EndGlobal
